
Microsoft Visual Studio Solution File, Format Version 12.00
# Visual Studio Version 17
VisualStudioVersion = 17.6.33723.286
MinimumVisualStudioVersion = 10.0.40219.1
Project("{FAE04EC0-301F-11D3-BF4B-00C04F79EFBC}") = "ilvo_automatisation", "ilvo_automatisation\ilvo_automatisation.csproj", "{53DB37FE-D3FD-49A9-AD2C-F04C3B7E44DD}"
EndProject
Global
	GlobalSection(SolutionConfigurationPlatforms) = preSolution
		Debug|Any CPU = Debug|Any CPU
		Release|Any CPU = Release|Any CPU
	EndGlobalSection
	GlobalSection(ProjectConfigurationPlatforms) = postSolution
		{53DB37FE-D3FD-49A9-AD2C-F04C3B7E44DD}.Debug|Any CPU.ActiveCfg = Debug|Any CPU
		{53DB37FE-D3FD-49A9-AD2C-F04C3B7E44DD}.Debug|Any CPU.Build.0 = Debug|Any CPU
		{53DB37FE-D3FD-49A9-AD2C-F04C3B7E44DD}.Release|Any CPU.ActiveCfg = Release|Any CPU
		{53DB37FE-D3FD-49A9-AD2C-F04C3B7E44DD}.Release|Any CPU.Build.0 = Release|Any CPU
	EndGlobalSection
	GlobalSection(SolutionProperties) = preSolution
		HideSolutionNode = FALSE
	EndGlobalSection
	GlobalSection(ExtensibilityGlobals) = postSolution
		SolutionGuid = {2A6567FA-0108-4BD3-B7F7-031EF437BA98}
	EndGlobalSection
EndGlobal
